
Microsoft Visual Studio Solution File, Format Version 12.00
# Visual Studio Version 17
VisualStudioVersion = 17.13.35931.197
MinimumVisualStudioVersion = 10.0.40219.1
Project("{FAE04EC0-301F-11D3-BF4B-00C04F79EFBC}") = "SDATweb", "SDATweb\SDATweb.csproj", "{9D9F53CF-3780-456F-B6F0-D148A43AA477}"
EndProject
Project("{FAE04EC0-301F-11D3-BF4B-00C04F79EFBC}") = "KrepyshLocalServer", "KrepyshLocalServer\KrepyshLocalServer.csproj", "{8BB79660-4036-4715-BC4B-D4B9D8BFC453}"
EndProject
Global
	GlobalSection(SolutionConfigurationPlatforms) = preSolution
		Debug|ARM64 = Debug|ARM64
		Debug|x64 = Debug|x64
		Debug|x86 = Debug|x86
		Release|ARM64 = Release|ARM64
		Release|x64 = Release|x64
		Release|x86 = Release|x86
	EndGlobalSection
	GlobalSection(ProjectConfigurationPlatforms) = postSolution
		{9D9F53CF-3780-456F-B6F0-D148A43AA477}.Debug|ARM64.ActiveCfg = Debug|ARM64
		{9D9F53CF-3780-456F-B6F0-D148A43AA477}.Debug|ARM64.Build.0 = Debug|ARM64
		{9D9F53CF-3780-456F-B6F0-D148A43AA477}.Debug|ARM64.Deploy.0 = Debug|ARM64
		{9D9F53CF-3780-456F-B6F0-D148A43AA477}.Debug|x64.ActiveCfg = Debug|x64
		{9D9F53CF-3780-456F-B6F0-D148A43AA477}.Debug|x64.Build.0 = Debug|x64
		{9D9F53CF-3780-456F-B6F0-D148A43AA477}.Debug|x64.Deploy.0 = Debug|x64
		{9D9F53CF-3780-456F-B6F0-D148A43AA477}.Debug|x86.ActiveCfg = Debug|x86
		{9D9F53CF-3780-456F-B6F0-D148A43AA477}.Debug|x86.Build.0 = Debug|x86
		{9D9F53CF-3780-456F-B6F0-D148A43AA477}.Debug|x86.Deploy.0 = Debug|x86
		{9D9F53CF-3780-456F-B6F0-D148A43AA477}.Release|ARM64.ActiveCfg = Release|ARM64
		{9D9F53CF-3780-456F-B6F0-D148A43AA477}.Release|ARM64.Build.0 = Release|ARM64
		{9D9F53CF-3780-456F-B6F0-D148A43AA477}.Release|ARM64.Deploy.0 = Release|ARM64
		{9D9F53CF-3780-456F-B6F0-D148A43AA477}.Release|x64.ActiveCfg = Release|x64
		{9D9F53CF-3780-456F-B6F0-D148A43AA477}.Release|x64.Build.0 = Release|x64
		{9D9F53CF-3780-456F-B6F0-D148A43AA477}.Release|x64.Deploy.0 = Release|x64
		{9D9F53CF-3780-456F-B6F0-D148A43AA477}.Release|x86.ActiveCfg = Release|x86
		{9D9F53CF-3780-456F-B6F0-D148A43AA477}.Release|x86.Build.0 = Release|x86
		{9D9F53CF-3780-456F-B6F0-D148A43AA477}.Release|x86.Deploy.0 = Release|x86
		{8BB79660-4036-4715-BC4B-D4B9D8BFC453}.Debug|ARM64.ActiveCfg = Debug|Any CPU
		{8BB79660-4036-4715-BC4B-D4B9D8BFC453}.Debug|ARM64.Build.0 = Debug|Any CPU
		{8BB79660-4036-4715-BC4B-D4B9D8BFC453}.Debug|x64.ActiveCfg = Debug|Any CPU
		{8BB79660-4036-4715-BC4B-D4B9D8BFC453}.Debug|x64.Build.0 = Debug|Any CPU
		{8BB79660-4036-4715-BC4B-D4B9D8BFC453}.Debug|x86.ActiveCfg = Debug|Any CPU
		{8BB79660-4036-4715-BC4B-D4B9D8BFC453}.Debug|x86.Build.0 = Debug|Any CPU
		{8BB79660-4036-4715-BC4B-D4B9D8BFC453}.Release|ARM64.ActiveCfg = Release|Any CPU
		{8BB79660-4036-4715-BC4B-D4B9D8BFC453}.Release|ARM64.Build.0 = Release|Any CPU
		{8BB79660-4036-4715-BC4B-D4B9D8BFC453}.Release|x64.ActiveCfg = Release|Any CPU
		{8BB79660-4036-4715-BC4B-D4B9D8BFC453}.Release|x64.Build.0 = Release|Any CPU
		{8BB79660-4036-4715-BC4B-D4B9D8BFC453}.Release|x86.ActiveCfg = Release|Any CPU
		{8BB79660-4036-4715-BC4B-D4B9D8BFC453}.Release|x86.Build.0 = Release|Any CPU
	EndGlobalSection
	GlobalSection(SolutionProperties) = preSolution
		HideSolutionNode = FALSE
	EndGlobalSection
	GlobalSection(ExtensibilityGlobals) = postSolution
		SolutionGuid = {0FAA0A32-418E-447D-B6FF-A7104D7059EA}
	EndGlobalSection
EndGlobal
